{
  "name": "Nouveau dossier (3)",
  "lockfileVersion": 3,
  "requires": true,
  "packages": {
    "": {
      "dependencies": {
        "admin-lte": "^4.0.0-rc7"
      }
    },
    "node_modules/admin-lte": {
      "version": "4.0.0-rc7",
      "resolved": "https://registry.npmjs.org/admin-lte/-/admin-lte-4.0.0-rc7.tgz",
      "integrity": "sha512-v7JYiuxONrpXxvoRVhFJuLpZ9xoBvQ1bHkE1lanVR8+/AqBATWXU3vOO0TAWOoxhG6/26JkU5otXq0Z2SRQjZQ=="
    }
  }
}
